// !$*UTF8*$!
{
	archiveVersion = 1;
	classes = {
	};
	objectVersion = 46;
	objects = {

/* Begin PBXBuildFile section */
		1CFE9A891B6CB93F005F09E4 /* KPDetailClassifyCell.m in Sources */ = {isa = PBXBuildFile; fileRef = 1CFE9A871B6CB93F005F09E4 /* KPDetailClassifyCell.m */; };
		1CFE9A8A1B6CB93F005F09E4 /* KPDetailClassifyCell.xib in Resources */ = {isa = PBXBuildFile; fileRef = 1CFE9A881B6CB93F005F09E4 /* KPDetailClassifyCell.xib */; };
		1CFE9A8E1B6CB970005F09E4 /* KPDetailClassifyViewController.m in Sources */ = {isa = PBXBuildFile; fileRef = 1CFE9A8C1B6CB970005F09E4 /* KPDetailClassifyViewController.m */; };
		1CFE9A911B6CBA3D005F09E4 /* classifies.plist in Resources */ = {isa = PBXBuildFile; fileRef = 1CFE9A901B6CBA3D005F09E4 /* classifies.plist */; };
		1CFE9A941B6CC786005F09E4 /* KPMenu.m in Sources */ = {isa = PBXBuildFile; fileRef = 1CFE9A931B6CC786005F09E4 /* KPMenu.m */; };
		33F98C551E1A007C785ED64C /* libPods.a in Frameworks */ = {isa = PBXBuildFile; fileRef = 8FB81972E37184A6028FA072 /* libPods.a */; };
		A3437FF61B6764150072C064 /* KPShowViewController.m in Sources */ = {isa = PBXBuildFile; fileRef = A3437FF41B6764150072C064 /* KPShowViewController.m */; };
		A3437FF71B6764150072C064 /* KPShowViewController.xib in Resources */ = {isa = PBXBuildFile; fileRef = A3437FF51B6764150072C064 /* KPShowViewController.xib */; };
		A3437FFB1B67725A0072C064 /* KPShowViewCell.m in Sources */ = {isa = PBXBuildFile; fileRef = A3437FF91B67725A0072C064 /* KPShowViewCell.m */; };
		A3437FFC1B67725A0072C064 /* KPShowViewCell.xib in Resources */ = {isa = PBXBuildFile; fileRef = A3437FFA1B67725A0072C064 /* KPShowViewCell.xib */; };
		A3437FFF1B67741C0072C064 /* KPDish.m in Sources */ = {isa = PBXBuildFile; fileRef = A3437FFE1B67741C0072C064 /* KPDish.m */; };
		A34380051B6775F40072C064 /* KPDishStep.m in Sources */ = {isa = PBXBuildFile; fileRef = A34380041B6775F40072C064 /* KPDishStep.m */; };
		A35FAE561B677A3D00321B82 /* KPClassify.m in Sources */ = {isa = PBXBuildFile; fileRef = A35FAE511B677A3D00321B82 /* KPClassify.m */; };
		A35FAE571B677A3D00321B82 /* KPClassifyViewCell.m in Sources */ = {isa = PBXBuildFile; fileRef = A35FAE541B677A3D00321B82 /* KPClassifyViewCell.m */; };
		A35FAE581B677A3D00321B82 /* KPClassifyViewCell.xib in Resources */ = {isa = PBXBuildFile; fileRef = A35FAE551B677A3D00321B82 /* KPClassifyViewCell.xib */; };
		A3A6FABF1B662FEB00951CF0 /* Images.xcassets in Resources */ = {isa = PBXBuildFile; fileRef = A3A6FABE1B662FEB00951CF0 /* Images.xcassets */; };
		A3A6FACE1B662FEB00951CF0 /* KaoPuTests.m in Sources */ = {isa = PBXBuildFile; fileRef = A3A6FACD1B662FEB00951CF0 /* KaoPuTests.m */; };
		A3A6FB241B664A4700951CF0 /* AppDelegate.m in Sources */ = {isa = PBXBuildFile; fileRef = A3A6FB151B664A4700951CF0 /* AppDelegate.m */; };
		A3A6FB261B664B5E00951CF0 /* main.m in Sources */ = {isa = PBXBuildFile; fileRef = A3A6FB251B664B5E00951CF0 /* main.m */; };
		A3A6FB2A1B664CD100951CF0 /* UIBarButtonItem+KPExtension.m in Sources */ = {isa = PBXBuildFile; fileRef = A3A6FB291B664CD100951CF0 /* UIBarButtonItem+KPExtension.m */; };
		A3A6FB2D1B664CF000951CF0 /* UIView+KPExtension.m in Sources */ = {isa = PBXBuildFile; fileRef = A3A6FB2C1B664CF000951CF0 /* UIView+KPExtension.m */; };
		A3A6FB301B664DCC00951CF0 /* KPTabBarViewController.m in Sources */ = {isa = PBXBuildFile; fileRef = A3A6FB2F1B664DCC00951CF0 /* KPTabBarViewController.m */; };
		A3A6FB331B664DE700951CF0 /* KPNavigationViewController.m in Sources */ = {isa = PBXBuildFile; fileRef = A3A6FB321B664DE700951CF0 /* KPNavigationViewController.m */; };
		A3A6FB361B664F4200951CF0 /* KPRecommendViewController.m in Sources */ = {isa = PBXBuildFile; fileRef = A3A6FB351B664F4200951CF0 /* KPRecommendViewController.m */; };
		A3A6FB391B664F5000951CF0 /* KPClassifyViewController.m in Sources */ = {isa = PBXBuildFile; fileRef = A3A6FB381B664F5000951CF0 /* KPClassifyViewController.m */; };
		A3A6FB3C1B664F5E00951CF0 /* KPPrivateViewController.m in Sources */ = {isa = PBXBuildFile; fileRef = A3A6FB3B1B664F5E00951CF0 /* KPPrivateViewController.m */; };
		A3A6FB3F1B664F6800951CF0 /* KPMineViewController.m in Sources */ = {isa = PBXBuildFile; fileRef = A3A6FB3E1B664F6800951CF0 /* KPMineViewController.m */; };
/* End PBXBuildFile section */

/* Begin PBXContainerItemProxy section */
		A3A6FAC81B662FEB00951CF0 /* PBXContainerItemProxy */ = {
			isa = PBXContainerItemProxy;
			containerPortal = A3A6FAA61B662FEB00951CF0 /* Project object */;
			proxyType = 1;
			remoteGlobalIDString = A3A6FAAD1B662FEB00951CF0;
			remoteInfo = KaoPu;
		};
/* End PBXContainerItemProxy section */

/* Begin PBXFileReference section */
		1CFE9A861B6CB93F005F09E4 /* KPDetailClassifyCell.h */ = {isa = PBXFileReference; fileEncoding = 4; lastKnownFileType = sourcecode.c.h; name = KPDetailClassifyCell.h; path = "KaoPu/Class/Classify（分类）/View/KPDetailClassifyCell.h"; sourceTree = SOURCE_ROOT; };
		1CFE9A871B6CB93F005F09E4 /* KPDetailClassifyCell.m */ = {isa = PBXFileReference; fileEncoding = 4; lastKnownFileType = sourcecode.c.objc; name = KPDetailClassifyCell.m; path = "KaoPu/Class/Classify（分类）/View/KPDetailClassifyCell.m"; sourceTree = SOURCE_ROOT; };
		1CFE9A881B6CB93F005F09E4 /* KPDetailClassifyCell.xib */ = {isa = PBXFileReference; fileEncoding = 4; lastKnownFileType = file.xib; name = KPDetailClassifyCell.xib; path = "KaoPu/Class/Classify（分类）/View/KPDetailClassifyCell.xib"; sourceTree = SOURCE_ROOT; };
		1CFE9A8B1B6CB970005F09E4 /* KPDetailClassifyViewController.h */ = {isa = PBXFileReference; fileEncoding = 4; lastKnownFileType = sourcecode.c.h; path = KPDetailClassifyViewController.h; sourceTree = "<group>"; };
		1CFE9A8C1B6CB970005F09E4 /* KPDetailClassifyViewController.m */ = {isa = PBXFileReference; fileEncoding = 4; lastKnownFileType = sourcecode.c.objc; path = KPDetailClassifyViewController.m; sourceTree = "<group>"; };
		1CFE9A901B6CBA3D005F09E4 /* classifies.plist */ = {isa = PBXFileReference; fileEncoding = 4; lastKnownFileType = text.plist.xml; path = classifies.plist; sourceTree = "<group>"; };
		1CFE9A921B6CC786005F09E4 /* KPMenu.h */ = {isa = PBXFileReference; fileEncoding = 4; lastKnownFileType = sourcecode.c.h; name = KPMenu.h; path = "KaoPu/Class/Classify（分类）/Model/KPMenu.h"; sourceTree = SOURCE_ROOT; };
		1CFE9A931B6CC786005F09E4 /* KPMenu.m */ = {isa = PBXFileReference; fileEncoding = 4; lastKnownFileType = sourcecode.c.objc; name = KPMenu.m; path = "KaoPu/Class/Classify（分类）/Model/KPMenu.m"; sourceTree = SOURCE_ROOT; };
		594A566172F14F36271247F9 /* Pods.release.xcconfig */ = {isa = PBXFileReference; includeInIndex = 1; lastKnownFileType = text.xcconfig; name = Pods.release.xcconfig; path = "Pods/Target Support Files/Pods/Pods.release.xcconfig"; sourceTree = "<group>"; };
		894FFD012BBCE6213DD58165 /* Pods.debug.xcconfig */ = {isa = PBXFileReference; includeInIndex = 1; lastKnownFileType = text.xcconfig; name = Pods.debug.xcconfig; path = "Pods/Target Support Files/Pods/Pods.debug.xcconfig"; sourceTree = "<group>"; };
		8FB81972E37184A6028FA072 /* libPods.a */ = {isa = PBXFileReference; explicitFileType = archive.ar; includeInIndex = 0; path = libPods.a; sourceTree = BUILT_PRODUCTS_DIR; };
		A3437FF31B6764150072C064 /* KPShowViewController.h */ = {isa = PBXFileReference; fileEncoding = 4; lastKnownFileType = sourcecode.c.h; path = KPShowViewController.h; sourceTree = "<group>"; };
		A3437FF41B6764150072C064 /* KPShowViewController.m */ = {isa = PBXFileReference; fileEncoding = 4; lastKnownFileType = sourcecode.c.objc; path = KPShowViewController.m; sourceTree = "<group>"; };
		A3437FF51B6764150072C064 /* KPShowViewController.xib */ = {isa = PBXFileReference; fileEncoding = 4; lastKnownFileType = file.xib; path = KPShowViewController.xib; sourceTree = "<group>"; };
		A3437FF81B67725A0072C064 /* KPShowViewCell.h */ = {isa = PBXFileReference; fileEncoding = 4; lastKnownFileType = sourcecode.c.h; path = KPShowViewCell.h; sourceTree = "<group>"; };
		A3437FF91B67725A0072C064 /* KPShowViewCell.m */ = {isa = PBXFileReference; fileEncoding = 4; lastKnownFileType = sourcecode.c.objc; path = KPShowViewCell.m; sourceTree = "<group>"; };
		A3437FFA1B67725A0072C064 /* KPShowViewCell.xib */ = {isa = PBXFileReference; fileEncoding = 4; lastKnownFileType = file.xib; path = KPShowViewCell.xib; sourceTree = "<group>"; };
		A3437FFD1B67741C0072C064 /* KPDish.h */ = {isa = PBXFileReference; fileEncoding = 4; lastKnownFileType = sourcecode.c.h; path = KPDish.h; sourceTree = "<group>"; };
		A3437FFE1B67741C0072C064 /* KPDish.m */ = {isa = PBXFileReference; fileEncoding = 4; lastKnownFileType = sourcecode.c.objc; path = KPDish.m; sourceTree = "<group>"; };
		A34380031B6775F40072C064 /* KPDishStep.h */ = {isa = PBXFileReference; fileEncoding = 4; lastKnownFileType = sourcecode.c.h; path = KPDishStep.h; sourceTree = "<group>"; };
		A34380041B6775F40072C064 /* KPDishStep.m */ = {isa = PBXFileReference; fileEncoding = 4; lastKnownFileType = sourcecode.c.objc; path = KPDishStep.m; sourceTree = "<group>"; };
		A35FAE501B677A3D00321B82 /* KPClassify.h */ = {isa = PBXFileReference; fileEncoding = 4; lastKnownFileType = sourcecode.c.h; path = KPClassify.h; sourceTree = "<group>"; };
		A35FAE511B677A3D00321B82 /* KPClassify.m */ = {isa = PBXFileReference; fileEncoding = 4; lastKnownFileType = sourcecode.c.objc; path = KPClassify.m; sourceTree = "<group>"; };
		A35FAE531B677A3D00321B82 /* KPClassifyViewCell.h */ = {isa = PBXFileReference; fileEncoding = 4; lastKnownFileType = sourcecode.c.h; path = KPClassifyViewCell.h; sourceTree = "<group>"; };
		A35FAE541B677A3D00321B82 /* KPClassifyViewCell.m */ = {isa = PBXFileReference; fileEncoding = 4; lastKnownFileType = sourcecode.c.objc; path = KPClassifyViewCell.m; sourceTree = "<group>"; };
		A35FAE551B677A3D00321B82 /* KPClassifyViewCell.xib */ = {isa = PBXFileReference; fileEncoding = 4; lastKnownFileType = file.xib; path = KPClassifyViewCell.xib; sourceTree = "<group>"; };
		A3A6FAAE1B662FEB00951CF0 /* KaoPu.app */ = {isa = PBXFileReference; explicitFileType = wrapper.application; includeInIndex = 0; path = KaoPu.app; sourceTree = BUILT_PRODUCTS_DIR; };
		A3A6FAB21B662FEB00951CF0 /* Info.plist */ = {isa = PBXFileReference; lastKnownFileType = text.plist.xml; path = Info.plist; sourceTree = "<group>"; };
		A3A6FABE1B662FEB00951CF0 /* Images.xcassets */ = {isa = PBXFileReference; lastKnownFileType = folder.assetcatalog; path = Images.xcassets; sourceTree = "<group>"; };
		A3A6FAC71B662FEB00951CF0 /* KaoPuTests.xctest */ = {isa = PBXFileReference; explicitFileType = wrapper.cfbundle; includeInIndex = 0; path = KaoPuTests.xctest; sourceTree = BUILT_PRODUCTS_DIR; };
		A3A6FACC1B662FEB00951CF0 /* Info.plist */ = {isa = PBXFileReference; lastKnownFileType = text.plist.xml; path = Info.plist; sourceTree = "<group>"; };
		A3A6FACD1B662FEB00951CF0 /* KaoPuTests.m */ = {isa = PBXFileReference; lastKnownFileType = sourcecode.c.objc; path = KaoPuTests.m; sourceTree = "<group>"; };
		A3A6FB141B664A4700951CF0 /* AppDelegate.h */ = {isa = PBXFileReference; fileEncoding = 4; lastKnownFileType = sourcecode.c.h; path = AppDelegate.h; sourceTree = "<group>"; };
		A3A6FB151B664A4700951CF0 /* AppDelegate.m */ = {isa = PBXFileReference; fileEncoding = 4; lastKnownFileType = sourcecode.c.objc; path = AppDelegate.m; sourceTree = "<group>"; };
		A3A6FB251B664B5E00951CF0 /* main.m */ = {isa = PBXFileReference; fileEncoding = 4; lastKnownFileType = sourcecode.c.objc; path = main.m; sourceTree = "<group>"; };
		A3A6FB271B664C3D00951CF0 /* Main.pch */ = {isa = PBXFileReference; lastKnownFileType = sourcecode.c.h; path = Main.pch; sourceTree = "<group>"; };
		A3A6FB281B664CD100951CF0 /* UIBarButtonItem+KPExtension.h */ = {isa = PBXFileReference; fileEncoding = 4; lastKnownFileType = sourcecode.c.h; path = "UIBarButtonItem+KPExtension.h"; sourceTree = "<group>"; };
		A3A6FB291B664CD100951CF0 /* UIBarButtonItem+KPExtension.m */ = {isa = PBXFileReference; fileEncoding = 4; lastKnownFileType = sourcecode.c.objc; path = "UIBarButtonItem+KPExtension.m"; sourceTree = "<group>"; };
		A3A6FB2B1B664CF000951CF0 /* UIView+KPExtension.h */ = {isa = PBXFileReference; fileEncoding = 4; lastKnownFileType = sourcecode.c.h; path = "UIView+KPExtension.h"; sourceTree = "<group>"; };
		A3A6FB2C1B664CF000951CF0 /* UIView+KPExtension.m */ = {isa = PBXFileReference; fileEncoding = 4; lastKnownFileType = sourcecode.c.objc; path = "UIView+KPExtension.m"; sourceTree = "<group>"; };
		A3A6FB2E1B664DCC00951CF0 /* KPTabBarViewController.h */ = {isa = PBXFileReference; fileEncoding = 4; lastKnownFileType = sourcecode.c.h; path = KPTabBarViewController.h; sourceTree = "<group>"; };
		A3A6FB2F1B664DCC00951CF0 /* KPTabBarViewController.m */ = {isa = PBXFileReference; fileEncoding = 4; lastKnownFileType = sourcecode.c.objc; path = KPTabBarViewController.m; sourceTree = "<group>"; };
		A3A6FB311B664DE700951CF0 /* KPNavigationViewController.h */ = {isa = PBXFileReference; fileEncoding = 4; lastKnownFileType = sourcecode.c.h; path = KPNavigationViewController.h; sourceTree = "<group>"; };
		A3A6FB321B664DE700951CF0 /* KPNavigationViewController.m */ = {isa = PBXFileReference; fileEncoding = 4; lastKnownFileType = sourcecode.c.objc; path = KPNavigationViewController.m; sourceTree = "<group>"; };
		A3A6FB341B664F4200951CF0 /* KPRecommendViewController.h */ = {isa = PBXFileReference; fileEncoding = 4; lastKnownFileType = sourcecode.c.h; path = KPRecommendViewController.h; sourceTree = "<group>"; };
		A3A6FB351B664F4200951CF0 /* KPRecommendViewController.m */ = {isa = PBXFileReference; fileEncoding = 4; lastKnownFileType = sourcecode.c.objc; path = KPRecommendViewController.m; sourceTree = "<group>"; };
		A3A6FB371B664F5000951CF0 /* KPClassifyViewController.h */ = {isa = PBXFileReference; fileEncoding = 4; lastKnownFileType = sourcecode.c.h; path = KPClassifyViewController.h; sourceTree = "<group>"; };
		A3A6FB381B664F5000951CF0 /* KPClassifyViewController.m */ = {isa = PBXFileReference; fileEncoding = 4; lastKnownFileType = sourcecode.c.objc; path = KPClassifyViewController.m; sourceTree = "<group>"; };
		A3A6FB3A1B664F5E00951CF0 /* KPPrivateViewController.h */ = {isa = PBXFileReference; fileEncoding = 4; lastKnownFileType = sourcecode.c.h; path = KPPrivateViewController.h; sourceTree = "<group>"; };
		A3A6FB3B1B664F5E00951CF0 /* KPPrivateViewController.m */ = {isa = PBXFileReference; fileEncoding = 4; lastKnownFileType = sourcecode.c.objc; path = KPPrivateViewController.m; sourceTree = "<group>"; };
		A3A6FB3D1B664F6800951CF0 /* KPMineViewController.h */ = {isa = PBXFileReference; fileEncoding = 4; lastKnownFileType = sourcecode.c.h; path = KPMineViewController.h; sourceTree = "<group>"; };
		A3A6FB3E1B664F6800951CF0 /* KPMineViewController.m */ = {isa = PBXFileReference; fileEncoding = 4; lastKnownFileType = sourcecode.c.objc; path = KPMineViewController.m; sourceTree = "<group>"; };
/* End PBXFileReference section */

/* Begin PBXFrameworksBuildPhase section */
		A3A6FAAB1B662FEB00951CF0 /* Frameworks */ = {
			isa = PBXFrameworksBuildPhase;
			buildActionMask = 2147483647;
			files = (
				33F98C551E1A007C785ED64C /* libPods.a in Frameworks */,
			);
			runOnlyForDeploymentPostprocessing = 0;
		};
		A3A6FAC41B662FEB00951CF0 /* Frameworks */ = {
			isa = PBXFrameworksBuildPhase;
			buildActionMask = 2147483647;
			files = (
			);
			runOnlyForDeploymentPostprocessing = 0;
		};
/* End PBXFrameworksBuildPhase section */

/* Begin PBXGroup section */
		7483DCCFC20C4831F25F0650 /* Pods */ = {
			isa = PBXGroup;
			children = (
				894FFD012BBCE6213DD58165 /* Pods.debug.xcconfig */,
				594A566172F14F36271247F9 /* Pods.release.xcconfig */,
			);
			name = Pods;
			sourceTree = "<group>";
		};
		A35FAE4F1B677A3D00321B82 /* model */ = {
			isa = PBXGroup;
			children = (
				A35FAE501B677A3D00321B82 /* KPClassify.h */,
				A35FAE511B677A3D00321B82 /* KPClassify.m */,
				1CFE9A921B6CC786005F09E4 /* KPMenu.h */,
				1CFE9A931B6CC786005F09E4 /* KPMenu.m */,
			);
			path = model;
			sourceTree = "<group>";
		};
		A35FAE521B677A3D00321B82 /* view */ = {
			isa = PBXGroup;
			children = (
				A35FAE531B677A3D00321B82 /* KPClassifyViewCell.h */,
				A35FAE541B677A3D00321B82 /* KPClassifyViewCell.m */,
				A35FAE551B677A3D00321B82 /* KPClassifyViewCell.xib */,
				1CFE9A861B6CB93F005F09E4 /* KPDetailClassifyCell.h */,
				1CFE9A871B6CB93F005F09E4 /* KPDetailClassifyCell.m */,
				1CFE9A881B6CB93F005F09E4 /* KPDetailClassifyCell.xib */,
			);
			path = view;
			sourceTree = "<group>";
		};
		A3A6FAA51B662FEB00951CF0 = {
			isa = PBXGroup;
			children = (
				A3A6FAB01B662FEB00951CF0 /* KaoPu */,
				A3A6FACA1B662FEB00951CF0 /* KaoPuTests */,
				A3A6FAAF1B662FEB00951CF0 /* Products */,
				7483DCCFC20C4831F25F0650 /* Pods */,
				BDF3639172536948AAC898BF /* Frameworks */,
			);
			sourceTree = "<group>";
		};
		A3A6FAAF1B662FEB00951CF0 /* Products */ = {
			isa = PBXGroup;
			children = (
				A3A6FAAE1B662FEB00951CF0 /* KaoPu.app */,
				A3A6FAC71B662FEB00951CF0 /* KaoPuTests.xctest */,
			);
			name = Products;
			sourceTree = "<group>";
		};
		A3A6FAB01B662FEB00951CF0 /* KaoPu */ = {
			isa = PBXGroup;
			children = (
				A3A6FB091B664A4700951CF0 /* Class */,
				A3A6FAB11B662FEB00951CF0 /* Supporting Files */,
			);
			path = KaoPu;
			sourceTree = "<group>";
		};
		A3A6FAB11B662FEB00951CF0 /* Supporting Files */ = {
			isa = PBXGroup;
			children = (
				A3A6FABE1B662FEB00951CF0 /* Images.xcassets */,
				1CFE9A901B6CBA3D005F09E4 /* classifies.plist */,
				A3A6FAB21B662FEB00951CF0 /* Info.plist */,
			);
			name = "Supporting Files";
			sourceTree = "<group>";
		};
		A3A6FACA1B662FEB00951CF0 /* KaoPuTests */ = {
			isa = PBXGroup;
			children = (
				A3A6FACD1B662FEB00951CF0 /* KaoPuTests.m */,
				A3A6FACB1B662FEB00951CF0 /* Supporting Files */,
			);
			path = KaoPuTests;
			sourceTree = "<group>";
		};
		A3A6FACB1B662FEB00951CF0 /* Supporting Files */ = {
			isa = PBXGroup;
			children = (
				A3A6FACC1B662FEB00951CF0 /* Info.plist */,
			);
			name = "Supporting Files";
			sourceTree = "<group>";
		};
		A3A6FB091B664A4700951CF0 /* Class */ = {
			isa = PBXGroup;
			children = (
				A3A6FB0E1B664A4700951CF0 /* Main（主要） */,
				A3A6FB1F1B664A4700951CF0 /* Recommend（推荐） */,
				A3A6FB0A1B664A4700951CF0 /* Classify（分类） */,
				A3A6FB1B1B664A4700951CF0 /* Private（私人） */,
				A3A6FB171B664A4700951CF0 /* Mine（我） */,
			);
			path = Class;
			sourceTree = "<group>";
		};
		A3A6FB0A1B664A4700951CF0 /* Classify（分类） */ = {
			isa = PBXGroup;
			children = (
				A35FAE4F1B677A3D00321B82 /* model */,
				A35FAE521B677A3D00321B82 /* view */,
				A3A6FB0B1B664A4700951CF0 /* controller */,
			);
			path = "Classify（分类）";
			sourceTree = "<group>";
		};
		A3A6FB0B1B664A4700951CF0 /* controller */ = {
			isa = PBXGroup;
			children = (
				A3A6FB371B664F5000951CF0 /* KPClassifyViewController.h */,
				A3A6FB381B664F5000951CF0 /* KPClassifyViewController.m */,
				1CFE9A8B1B6CB970005F09E4 /* KPDetailClassifyViewController.h */,
				1CFE9A8C1B6CB970005F09E4 /* KPDetailClassifyViewController.m */,
			);
			path = controller;
			sourceTree = "<group>";
		};
		A3A6FB0E1B664A4700951CF0 /* Main（主要） */ = {
			isa = PBXGroup;
			children = (
				A3A6FB0F1B664A4700951CF0 /* category */,
				A3A6FB101B664A4700951CF0 /* controller */,
				A3A6FB121B664A4700951CF0 /* model */,
				A3A6FB131B664A4700951CF0 /* other */,
				A3A6FB161B664A4700951CF0 /* view */,
			);
			path = "Main（主要）";
			sourceTree = "<group>";
		};
		A3A6FB0F1B664A4700951CF0 /* category */ = {
			isa = PBXGroup;
			children = (
				A3A6FB2B1B664CF000951CF0 /* UIView+KPExtension.h */,
				A3A6FB2C1B664CF000951CF0 /* UIView+KPExtension.m */,
				A3A6FB281B664CD100951CF0 /* UIBarButtonItem+KPExtension.h */,
				A3A6FB291B664CD100951CF0 /* UIBarButtonItem+KPExtension.m */,
			);
			path = category;
			sourceTree = "<group>";
		};
		A3A6FB101B664A4700951CF0 /* controller */ = {
			isa = PBXGroup;
			children = (
				A3A6FB2E1B664DCC00951CF0 /* KPTabBarViewController.h */,
				A3A6FB2F1B664DCC00951CF0 /* KPTabBarViewController.m */,
				A3A6FB311B664DE700951CF0 /* KPNavigationViewController.h */,
				A3A6FB321B664DE700951CF0 /* KPNavigationViewController.m */,
			);
			path = controller;
			sourceTree = "<group>";
		};
		A3A6FB121B664A4700951CF0 /* model */ = {
			isa = PBXGroup;
			children = (
			);
			path = model;
			sourceTree = "<group>";
		};
		A3A6FB131B664A4700951CF0 /* other */ = {
			isa = PBXGroup;
			children = (
				A3A6FB251B664B5E00951CF0 /* main.m */,
				A3A6FB141B664A4700951CF0 /* AppDelegate.h */,
				A3A6FB151B664A4700951CF0 /* AppDelegate.m */,
				A3A6FB271B664C3D00951CF0 /* Main.pch */,
			);
			path = other;
			sourceTree = "<group>";
		};
		A3A6FB161B664A4700951CF0 /* view */ = {
			isa = PBXGroup;
			children = (
			);
			path = view;
			sourceTree = "<group>";
		};
		A3A6FB171B664A4700951CF0 /* Mine（我） */ = {
			isa = PBXGroup;
			children = (
				A3A6FB181B664A4700951CF0 /* controller */,
				A3A6FB191B664A4700951CF0 /* model */,
				A3A6FB1A1B664A4700951CF0 /* view */,
			);
			path = "Mine（我）";
			sourceTree = "<group>";
		};
		A3A6FB181B664A4700951CF0 /* controller */ = {
			isa = PBXGroup;
			children = (
				A3A6FB3D1B664F6800951CF0 /* KPMineViewController.h */,
				A3A6FB3E1B664F6800951CF0 /* KPMineViewController.m */,
			);
			path = controller;
			sourceTree = "<group>";
		};
		A3A6FB191B664A4700951CF0 /* model */ = {
			isa = PBXGroup;
			children = (
			);
			path = model;
			sourceTree = "<group>";
		};
		A3A6FB1A1B664A4700951CF0 /* view */ = {
			isa = PBXGroup;
			children = (
			);
			path = view;
			sourceTree = "<group>";
		};
		A3A6FB1B1B664A4700951CF0 /* Private（私人） */ = {
			isa = PBXGroup;
			children = (
				A3A6FB1C1B664A4700951CF0 /* controller */,
				A3A6FB1D1B664A4700951CF0 /* model */,
				A3A6FB1E1B664A4700951CF0 /* view */,
			);
			path = "Private（私人）";
			sourceTree = "<group>";
		};
		A3A6FB1C1B664A4700951CF0 /* controller */ = {
			isa = PBXGroup;
			children = (
				A3A6FB3A1B664F5E00951CF0 /* KPPrivateViewController.h */,
				A3A6FB3B1B664F5E00951CF0 /* KPPrivateViewController.m */,
			);
			path = controller;
			sourceTree = "<group>";
		};
		A3A6FB1D1B664A4700951CF0 /* model */ = {
			isa = PBXGroup;
			children = (
			);
			path = model;
			sourceTree = "<group>";
		};
		A3A6FB1E1B664A4700951CF0 /* view */ = {
			isa = PBXGroup;
			children = (
			);
			path = view;
			sourceTree = "<group>";
		};
		A3A6FB1F1B664A4700951CF0 /* Recommend（推荐） */ = {
			isa = PBXGroup;
			children = (
				A3A6FB201B664A4700951CF0 /* controller */,
				A3A6FB211B664A4700951CF0 /* model */,
				A3A6FB221B664A4700951CF0 /* view */,
			);
			path = "Recommend（推荐）";
			sourceTree = "<group>";
		};
		A3A6FB201B664A4700951CF0 /* controller */ = {
			isa = PBXGroup;
			children = (
				A3A6FB341B664F4200951CF0 /* KPRecommendViewController.h */,
				A3A6FB351B664F4200951CF0 /* KPRecommendViewController.m */,
				A3437FF31B6764150072C064 /* KPShowViewController.h */,
				A3437FF41B6764150072C064 /* KPShowViewController.m */,
				A3437FF51B6764150072C064 /* KPShowViewController.xib */,
			);
			path = controller;
			sourceTree = "<group>";
		};
		A3A6FB211B664A4700951CF0 /* model */ = {
			isa = PBXGroup;
			children = (
				A3437FFD1B67741C0072C064 /* KPDish.h */,
				A3437FFE1B67741C0072C064 /* KPDish.m */,
				A34380031B6775F40072C064 /* KPDishStep.h */,
				A34380041B6775F40072C064 /* KPDishStep.m */,
			);
			path = model;
			sourceTree = "<group>";
		};
		A3A6FB221B664A4700951CF0 /* view */ = {
			isa = PBXGroup;
			children = (
				A3437FF81B67725A0072C064 /* KPShowViewCell.h */,
				A3437FF91B67725A0072C064 /* KPShowViewCell.m */,
				A3437FFA1B67725A0072C064 /* KPShowViewCell.xib */,
			);
			path = view;
			sourceTree = "<group>";
		};
		BDF3639172536948AAC898BF /* Frameworks */ = {
			isa = PBXGroup;
			children = (
				8FB81972E37184A6028FA072 /* libPods.a */,
			);
			name = Frameworks;
			sourceTree = "<group>";
		};
/* End PBXGroup section */

/* Begin PBXNativeTarget section */
		A3A6FAAD1B662FEB00951CF0 /* KaoPu */ = {
			isa = PBXNativeTarget;
			buildConfigurationList = A3A6FAD11B662FEB00951CF0 /* Build configuration list for PBXNativeTarget "KaoPu" */;
			buildPhases = (
				548F0CEA4DF53142AFB1D3A0 /* Check Pods Manifest.lock */,
				A3A6FAAA1B662FEB00951CF0 /* Sources */,
				A3A6FAAB1B662FEB00951CF0 /* Frameworks */,
				A3A6FAAC1B662FEB00951CF0 /* Resources */,
				90ABA092748EBF6FDAEF3658 /* Copy Pods Resources */,
			);
			buildRules = (
			);
			dependencies = (
			);
			name = KaoPu;
			productName = KaoPu;
			productReference = A3A6FAAE1B662FEB00951CF0 /* KaoPu.app */;
			productType = "com.apple.product-type.application";
		};
		A3A6FAC61B662FEB00951CF0 /* KaoPuTests */ = {
			isa = PBXNativeTarget;
			buildConfigurationList = A3A6FAD41B662FEB00951CF0 /* Build configuration list for PBXNativeTarget "KaoPuTests" */;
			buildPhases = (
				A3A6FAC31B662FEB00951CF0 /* Sources */,
				A3A6FAC41B662FEB00951CF0 /* Frameworks */,
				A3A6FAC51B662FEB00951CF0 /* Resources */,
			);
			buildRules = (
			);
			dependencies = (
				A3A6FAC91B662FEB00951CF0 /* PBXTargetDependency */,
			);
			name = KaoPuTests;
			productName = KaoPuTests;
			productReference = A3A6FAC71B662FEB00951CF0 /* KaoPuTests.xctest */;
			productType = "com.apple.product-type.bundle.unit-test";
		};
/* End PBXNativeTarget section */

/* Begin PBXProject section */
		A3A6FAA61B662FEB00951CF0 /* Project object */ = {
			isa = PBXProject;
			attributes = {
				CLASSPREFIX = KP;
				LastUpgradeCheck = 0630;
				ORGANIZATIONNAME = zuo;
				TargetAttributes = {
					A3A6FAAD1B662FEB00951CF0 = {
						CreatedOnToolsVersion = 6.3;
					};
					A3A6FAC61B662FEB00951CF0 = {
						CreatedOnToolsVersion = 6.3;
						TestTargetID = A3A6FAAD1B662FEB00951CF0;
					};
				};
			};
			buildConfigurationList = A3A6FAA91B662FEB00951CF0 /* Build configuration list for PBXProject "KaoPu" */;
			compatibilityVersion = "Xcode 3.2";
			developmentRegion = English;
			hasScannedForEncodings = 0;
			knownRegions = (
				en,
				Base,
			);
			mainGroup = A3A6FAA51B662FEB00951CF0;
			productRefGroup = A3A6FAAF1B662FEB00951CF0 /* Products */;
			projectDirPath = "";
			projectRoot = "";
			targets = (
				A3A6FAAD1B662FEB00951CF0 /* KaoPu */,
				A3A6FAC61B662FEB00951CF0 /* KaoPuTests */,
			);
		};
/* End PBXProject section */

/* Begin PBXResourcesBuildPhase section */
		A3A6FAAC1B662FEB00951CF0 /* Resources */ = {
			isa = PBXResourcesBuildPhase;
			buildActionMask = 2147483647;
			files = (
				A3437FFC1B67725A0072C064 /* KPShowViewCell.xib in Resources */,
				1CFE9A8A1B6CB93F005F09E4 /* KPDetailClassifyCell.xib in Resources */,
				A3437FF71B6764150072C064 /* KPShowViewController.xib in Resources */,
				1CFE9A911B6CBA3D005F09E4 /* classifies.plist in Resources */,
				A3A6FABF1B662FEB00951CF0 /* Images.xcassets in Resources */,
				A35FAE581B677A3D00321B82 /* KPClassifyViewCell.xib in Resources */,
			);
			runOnlyForDeploymentPostprocessing = 0;
		};
		A3A6FAC51B662FEB00951CF0 /* Resources */ = {
			isa = PBXResourcesBuildPhase;
			buildActionMask = 2147483647;
			files = (
			);
			runOnlyForDeploymentPostprocessing = 0;
		};
/* End PBXResourcesBuildPhase section */

/* Begin PBXShellScriptBuildPhase section */
		548F0CEA4DF53142AFB1D3A0 /* Check Pods Manifest.lock */ = {
			isa = PBXShellScriptBuildPhase;
			buildActionMask = 2147483647;
			files = (
			);
			inputPaths = (
			);
			name = "Check Pods Manifest.lock";
			outputPaths = (
			);
			runOnlyForDeploymentPostprocessing = 0;
			shellPath = /bin/sh;
			shellScript = "diff \"${PODS_ROOT}/../Podfile.lock\" \"${PODS_ROOT}/Manifest.lock\" > /dev/null\nif [[ $? != 0 ]] ; then\n    cat << EOM\nerror: The sandbox is not in sync with the Podfile.lock. Run 'pod install' or update your CocoaPods installation.\nEOM\n    exit 1\nfi\n";
			showEnvVarsInLog = 0;
		};
		90ABA092748EBF6FDAEF3658 /* Copy Pods Resources */ = {
			isa = PBXShellScriptBuildPhase;
			buildActionMask = 2147483647;
			files = (
			);
			inputPaths = (
			);
			name = "Copy Pods Resources";
			outputPaths = (
			);
			runOnlyForDeploymentPostprocessing = 0;
			shellPath = /bin/sh;
			shellScript = "\"${SRCROOT}/Pods/Target Support Files/Pods/Pods-resources.sh\"\n";
			showEnvVarsInLog = 0;
		};
/* End PBXShellScriptBuildPhase section */

/* Begin PBXSourcesBuildPhase section */
		A3A6FAAA1B662FEB00951CF0 /* Sources */ = {
			isa = PBXSourcesBuildPhase;
			buildActionMask = 2147483647;
			files = (
				A3A6FB301B664DCC00951CF0 /* KPTabBarViewController.m in Sources */,
				A3A6FB261B664B5E00951CF0 /* main.m in Sources */,
				A3A6FB2D1B664CF000951CF0 /* UIView+KPExtension.m in Sources */,
				A35FAE571B677A3D00321B82 /* KPClassifyViewCell.m in Sources */,
				1CFE9A941B6CC786005F09E4 /* KPMenu.m in Sources */,
				A3A6FB331B664DE700951CF0 /* KPNavigationViewController.m in Sources */,
				A34380051B6775F40072C064 /* KPDishStep.m in Sources */,
				A3A6FB361B664F4200951CF0 /* KPRecommendViewController.m in Sources */,
				A3A6FB3C1B664F5E00951CF0 /* KPPrivateViewController.m in Sources */,
				A3437FFB1B67725A0072C064 /* KPShowViewCell.m in Sources */,
				A3437FFF1B67741C0072C064 /* KPDish.m in Sources */,
				1CFE9A8E1B6CB970005F09E4 /* KPDetailClassifyViewController.m in Sources */,
				A3A6FB3F1B664F6800951CF0 /* KPMineViewController.m in Sources */,
				A3A6FB391B664F5000951CF0 /* KPClassifyViewController.m in Sources */,
				A35FAE561B677A3D00321B82 /* KPClassify.m in Sources */,
				A3A6FB241B664A4700951CF0 /* AppDelegate.m in Sources */,
				1CFE9A891B6CB93F005F09E4 /* KPDetailClassifyCell.m in Sources */,
				A3437FF61B6764150072C064 /* KPShowViewController.m in Sources */,
				A3A6FB2A1B664CD100951CF0 /* UIBarButtonItem+KPExtension.m in Sources */,
			);
			runOnlyForDeploymentPostprocessing = 0;
		};
		A3A6FAC31B662FEB00951CF0 /* Sources */ = {
			isa = PBXSourcesBuildPhase;
			buildActionMask = 2147483647;
			files = (
				A3A6FACE1B662FEB00951CF0 /* KaoPuTests.m in Sources */,
			);
			runOnlyForDeploymentPostprocessing = 0;
		};
/* End PBXSourcesBuildPhase section */

/* Begin PBXTargetDependency section */
		A3A6FAC91B662FEB00951CF0 /* PBXTargetDependency */ = {
			isa = PBXTargetDependency;
			target = A3A6FAAD1B662FEB00951CF0 /* KaoPu */;
			targetProxy = A3A6FAC81B662FEB00951CF0 /* PBXContainerItemProxy */;
		};
/* End PBXTargetDependency section */

/* Begin XCBuildConfiguration section */
		A3A6FACF1B662FEB00951CF0 /* Debug */ = {
			isa = XCBuildConfiguration;
			buildSettings = {
				ALWAYS_SEARCH_USER_PATHS = NO;
				CLANG_CXX_LANGUAGE_STANDARD = "gnu++0x";
				CLANG_CXX_LIBRARY = "libc++";
				CLANG_ENABLE_MODULES = YES;
				CLANG_ENABLE_OBJC_ARC = YES;
				CLANG_WARN_BOOL_CONVERSION = YES;
				CLANG_WARN_CONSTANT_CONVERSION = YES;
				CLANG_WARN_DIRECT_OBJC_ISA_USAGE = YES_ERROR;
				CLANG_WARN_EMPTY_BODY = YES;
				CLANG_WARN_ENUM_CONVERSION = YES;
				CLANG_WARN_INT_CONVERSION = YES;
				CLANG_WARN_OBJC_ROOT_CLASS = YES_ERROR;
				CLANG_WARN_UNREACHABLE_CODE = YES;
				CLANG_WARN__DUPLICATE_METHOD_MATCH = YES;
				"CODE_SIGN_IDENTITY[sdk=iphoneos*]" = "iPhone Developer";
				COPY_PHASE_STRIP = NO;
				DEBUG_INFORMATION_FORMAT = "dwarf-with-dsym";
				ENABLE_STRICT_OBJC_MSGSEND = YES;
				GCC_C_LANGUAGE_STANDARD = gnu99;
				GCC_DYNAMIC_NO_PIC = NO;
				GCC_NO_COMMON_BLOCKS = YES;
				GCC_OPTIMIZATION_LEVEL = 0;
				GCC_PREPROCESSOR_DEFINITIONS = (
					"DEBUG=1",
					"$(inherited)",
				);
				GCC_SYMBOLS_PRIVATE_EXTERN = NO;
				GCC_WARN_64_TO_32_BIT_CONVERSION = YES;
				GCC_WARN_ABOUT_RETURN_TYPE = YES_ERROR;
				GCC_WARN_UNDECLARED_SELECTOR = YES;
				GCC_WARN_UNINITIALIZED_AUTOS = YES_AGGRESSIVE;
				GCC_WARN_UNUSED_FUNCTION = YES;
				GCC_WARN_UNUSED_VARIABLE = YES;
				IPHONEOS_DEPLOYMENT_TARGET = 8.3;
				MTL_ENABLE_DEBUG_INFO = YES;
				ONLY_ACTIVE_ARCH = YES;
				SDKROOT = iphoneos;
			};
			name = Debug;
		};
		A3A6FAD01B662FEB00951CF0 /* Release */ = {
			isa = XCBuildConfiguration;
			buildSettings = {
				ALWAYS_SEARCH_USER_PATHS = NO;
				CLANG_CXX_LANGUAGE_STANDARD = "gnu++0x";
				CLANG_CXX_LIBRARY = "libc++";
				CLANG_ENABLE_MODULES = YES;
				CLANG_ENABLE_OBJC_ARC = YES;
				CLANG_WARN_BOOL_CONVERSION = YES;
				CLANG_WARN_CONSTANT_CONVERSION = YES;
				CLANG_WARN_DIRECT_OBJC_ISA_USAGE = YES_ERROR;
				CLANG_WARN_EMPTY_BODY = YES;
				CLANG_WARN_ENUM_CONVERSION = YES;
				CLANG_WARN_INT_CONVERSION = YES;
				CLANG_WARN_OBJC_ROOT_CLASS = YES_ERROR;
				CLANG_WARN_UNREACHABLE_CODE = YES;
				CLANG_WARN__DUPLICATE_METHOD_MATCH = YES;
				"CODE_SIGN_IDENTITY[sdk=iphoneos*]" = "iPhone Developer";
				COPY_PHASE_STRIP = NO;
				DEBUG_INFORMATION_FORMAT = "dwarf-with-dsym";
				ENABLE_NS_ASSERTIONS = NO;
				ENABLE_STRICT_OBJC_MSGSEND = YES;
				GCC_C_LANGUAGE_STANDARD = gnu99;
				GCC_NO_COMMON_BLOCKS = YES;
				GCC_WARN_64_TO_32_BIT_CONVERSION = YES;
				GCC_WARN_ABOUT_RETURN_TYPE = YES_ERROR;
				GCC_WARN_UNDECLARED_SELECTOR = YES;
				GCC_WARN_UNINITIALIZED_AUTOS = YES_AGGRESSIVE;
				GCC_WARN_UNUSED_FUNCTION = YES;
				GCC_WARN_UNUSED_VARIABLE = YES;
				IPHONEOS_DEPLOYMENT_TARGET = 8.3;
				MTL_ENABLE_DEBUG_INFO = NO;
				SDKROOT = iphoneos;
				VALIDATE_PRODUCT = YES;
			};
			name = Release;
		};
		A3A6FAD21B662FEB00951CF0 /* Debug */ = {
			isa = XCBuildConfiguration;
			baseConfigurationReference = 894FFD012BBCE6213DD58165 /* Pods.debug.xcconfig */;
			buildSettings = {
				ASSETCATALOG_COMPILER_APPICON_NAME = AppIcon;
				GCC_PRECOMPILE_PREFIX_HEADER = YES;
				GCC_PREFIX_HEADER = "KaoPu/Class/Main（主要）/other/Main.pch";
				INFOPLIST_FILE = KaoPu/Info.plist;
				IPHONEOS_DEPLOYMENT_TARGET = 8.0;
				LD_RUNPATH_SEARCH_PATHS = "$(inherited) @executable_path/Frameworks";
				PRODUCT_NAME = "$(TARGET_NAME)";
			};
			name = Debug;
		};
		A3A6FAD31B662FEB00951CF0 /* Release */ = {
			isa = XCBuildConfiguration;
			baseConfigurationReference = 594A566172F14F36271247F9 /* Pods.release.xcconfig */;
			buildSettings = {
				ASSETCATALOG_COMPILER_APPICON_NAME = AppIcon;
				GCC_PRECOMPILE_PREFIX_HEADER = YES;
				GCC_PREFIX_HEADER = "KaoPu/Class/Main（主要）/other/Main.pch";
				INFOPLIST_FILE = KaoPu/Info.plist;
				IPHONEOS_DEPLOYMENT_TARGET = 8.0;
				LD_RUNPATH_SEARCH_PATHS = "$(inherited) @executable_path/Frameworks";
				PRODUCT_NAME = "$(TARGET_NAME)";
			};
			name = Release;
		};
		A3A6FAD51B662FEB00951CF0 /* Debug */ = {
			isa = XCBuildConfiguration;
			buildSettings = {
				BUNDLE_LOADER = "$(TEST_HOST)";
				FRAMEWORK_SEARCH_PATHS = (
					"$(SDKROOT)/Developer/Library/Frameworks",
					"$(inherited)",
				);
				GCC_PREPROCESSOR_DEFINITIONS = (
					"DEBUG=1",
					"$(inherited)",
				);
				INFOPLIST_FILE = KaoPuTests/Info.plist;
				LD_RUNPATH_SEARCH_PATHS = "$(inherited) @executable_path/Frameworks @loader_path/Frameworks";
				PRODUCT_NAME = "$(TARGET_NAME)";
				TEST_HOST = "$(BUILT_PRODUCTS_DIR)/KaoPu.app/KaoPu";
			};
			name = Debug;
		};
		A3A6FAD61B662FEB00951CF0 /* Release */ = {
			isa = XCBuildConfiguration;
			buildSettings = {
				BUNDLE_LOADER = "$(TEST_HOST)";
				FRAMEWORK_SEARCH_PATHS = (
					"$(SDKROOT)/Developer/Library/Frameworks",
					"$(inherited)",
				);
				INFOPLIST_FILE = KaoPuTests/Info.plist;
				LD_RUNPATH_SEARCH_PATHS = "$(inherited) @executable_path/Frameworks @loader_path/Frameworks";
				PRODUCT_NAME = "$(TARGET_NAME)";
				TEST_HOST = "$(BUILT_PRODUCTS_DIR)/KaoPu.app/KaoPu";
			};
			name = Release;
		};
/* End XCBuildConfiguration section */

/* Begin XCConfigurationList section */
		A3A6FAA91B662FEB00951CF0 /* Build configuration list for PBXProject "KaoPu" */ = {
			isa = XCConfigurationList;
			buildConfigurations = (
				A3A6FACF1B662FEB00951CF0 /* Debug */,
				A3A6FAD01B662FEB00951CF0 /* Release */,
			);
			defaultConfigurationIsVisible = 0;
			defaultConfigurationName = Release;
		};
		A3A6FAD11B662FEB00951CF0 /* Build configuration list for PBXNativeTarget "KaoPu" */ = {
			isa = XCConfigurationList;
			buildConfigurations = (
				A3A6FAD21B662FEB00951CF0 /* Debug */,
				A3A6FAD31B662FEB00951CF0 /* Release */,
			);
			defaultConfigurationIsVisible = 0;
			defaultConfigurationName = Release;
		};
		A3A6FAD41B662FEB00951CF0 /* Build configuration list for PBXNativeTarget "KaoPuTests" */ = {
			isa = XCConfigurationList;
			buildConfigurations = (
				A3A6FAD51B662FEB00951CF0 /* Debug */,
				A3A6FAD61B662FEB00951CF0 /* Release */,
			);
			defaultConfigurationIsVisible = 0;
			defaultConfigurationName = Release;
		};
/* End XCConfigurationList section */
	};
	rootObject = A3A6FAA61B662FEB00951CF0 /* Project object */;
}
